// !$*UTF8*$!
{
	archiveVersion = 1;
	classes = {
	};
	objectVersion = 48;
	objects = {

/* Begin PBXBuildFile section */
		22A2148F207C82A9009D0729 /* AppDelegate.swift in Sources */ = {isa = PBXBuildFile; fileRef = 22A2148E207C82A9009D0729 /* AppDelegate.swift */; };
		22A21491207C82A9009D0729 /* ViewController.swift in Sources */ = {isa = PBXBuildFile; fileRef = 22A21490207C82A9009D0729 /* ViewController.swift */; };
		22A21494207C82A9009D0729 /* Main.storyboard in Resources */ = {isa = PBXBuildFile; fileRef = 22A21492207C82A9009D0729 /* Main.storyboard */; };
		22A21496207C82A9009D0729 /* Assets.xcassets in Resources */ = {isa = PBXBuildFile; fileRef = 22A21495207C82A9009D0729 /* Assets.xcassets */; };
		22A21499207C82A9009D0729 /* LaunchScreen.storyboard in Resources */ = {isa = PBXBuildFile; fileRef = 22A21497207C82A9009D0729 /* LaunchScreen.storyboard */; };
		22A214A4207C82A9009D0729 /* TestTests.swift in Sources */ = {isa = PBXBuildFile; fileRef = 22A214A3207C82A9009D0729 /* TestTests.swift */; };
		22A214AF207C82A9009D0729 /* TestUITests.swift in Sources */ = {isa = PBXBuildFile; fileRef = 22A214AE207C82A9009D0729 /* TestUITests.swift */; };
/* End PBXBuildFile section */

/* Begin PBXContainerItemProxy section */
		22A214A0207C82A9009D0729 /* PBXContainerItemProxy */ = {
			isa = PBXContainerItemProxy;
			containerPortal = 22A21483207C82A9009D0729 /* Project object */;
			proxyType = 1;
			remoteGlobalIDString = 22A2148A207C82A9009D0729;
			remoteInfo = Test;
		};
		22A214AB207C82A9009D0729 /* PBXContainerItemProxy */ = {
			isa = PBXContainerItemProxy;
			containerPortal = 22A21483207C82A9009D0729 /* Project object */;
			proxyType = 1;
			remoteGlobalIDString = 22A2148A207C82A9009D0729;
			remoteInfo = Test;
		};
/* End PBXContainerItemProxy section */

/* Begin PBXFileReference section */
		22A2148B207C82A9009D0729 /* Test.app */ = {isa = PBXFileReference; explicitFileType = wrapper.application; includeInIndex = 0; path = Test.app; sourceTree = BUILT_PRODUCTS_DIR; };
		22A2148E207C82A9009D0729 /* AppDelegate.swift */ = {isa = PBXFileReference; lastKnownFileType = sourcecode.swift; path = AppDelegate.swift; sourceTree = "<group>"; };
		22A21490207C82A9009D0729 /* ViewController.swift */ = {isa = PBXFileReference; lastKnownFileType = sourcecode.swift; path = ViewController.swift; sourceTree = "<group>"; };
		22A21493207C82A9009D0729 /* Base */ = {isa = PBXFileReference; lastKnownFileType = file.storyboard; name = Base; path = Base.lproj/Main.storyboard; sourceTree = "<group>"; };
		22A21495207C82A9009D0729 /* Assets.xcassets */ = {isa = PBXFileReference; lastKnownFileType = folder.assetcatalog; path = Assets.xcassets; sourceTree = "<group>"; };
		22A21498207C82A9009D0729 /* Base */ = {isa = PBXFileReference; lastKnownFileType = file.storyboard; name = Base; path = Base.lproj/LaunchScreen.storyboard; sourceTree = "<group>"; };
		22A2149A207C82A9009D0729 /* Info.plist */ = {isa = PBXFileReference; lastKnownFileType = text.plist.xml; path = Info.plist; sourceTree = "<group>"; };
		22A2149F207C82A9009D0729 /* TestTests.xctest */ = {isa = PBXFileReference; explicitFileType = wrapper.cfbundle; includeInIndex = 0; path = TestTests.xctest; sourceTree = BUILT_PRODUCTS_DIR; };
		22A214A3207C82A9009D0729 /* TestTests.swift */ = {isa = PBXFileReference; lastKnownFileType = sourcecode.swift; path = TestTests.swift; sourceTree = "<group>"; };
		22A214A5207C82A9009D0729 /* Info.plist */ = {isa = PBXFileReference; lastKnownFileType = text.plist.xml; path = Info.plist; sourceTree = "<group>"; };
		22A214AA207C82A9009D0729 /* TestUITests.xctest */ = {isa = PBXFileReference; explicitFileType = wrapper.cfbundle; includeInIndex = 0; path = TestUITests.xctest; sourceTree = BUILT_PRODUCTS_DIR; };
		22A214AE207C82A9009D0729 /* TestUITests.swift */ = {isa = PBXFileReference; lastKnownFileType = sourcecode.swift; path = TestUITests.swift; sourceTree = "<group>"; };
		22A214B0207C82A9009D0729 /* Info.plist */ = {isa = PBXFileReference; lastKnownFileType = text.plist.xml; path = Info.plist; sourceTree = "<group>"; };
/* End PBXFileReference section */

/* Begin PBXFrameworksBuildPhase section */
		22A21488207C82A9009D0729 /* Frameworks */ = {
			isa = PBXFrameworksBuildPhase;
			buildActionMask = 2147483647;
			files = (
			);
			runOnlyForDeploymentPostprocessing = 0;
		};
		22A2149C207C82A9009D0729 /* Frameworks */ = {
			isa = PBXFrameworksBuildPhase;
			buildActionMask = 2147483647;
			files = (
			);
			runOnlyForDeploymentPostprocessing = 0;
		};
		22A214A7207C82A9009D0729 /* Frameworks */ = {
			isa = PBXFrameworksBuildPhase;
			buildActionMask = 2147483647;
			files = (
			);
			runOnlyForDeploymentPostprocessing = 0;
		};
/* End PBXFrameworksBuildPhase section */

/* Begin PBXGroup section */
		22A21482207C82A9009D0729 = {
			isa = PBXGroup;
			children = (
				22A2148D207C82A9009D0729 /* Test */,
				22A214A2207C82A9009D0729 /* TestTests */,
				22A214AD207C82A9009D0729 /* TestUITests */,
				22A2148C207C82A9009D0729 /* Products */,
			);
			sourceTree = "<group>";
		};
		22A2148C207C82A9009D0729 /* Products */ = {
			isa = PBXGroup;
			children = (
				22A2148B207C82A9009D0729 /* Test.app */,
				22A2149F207C82A9009D0729 /* TestTests.xctest */,
				22A214AA207C82A9009D0729 /* TestUITests.xctest */,
			);
			name = Products;
			sourceTree = "<group>";
		};
		22A2148D207C82A9009D0729 /* Test */ = {
			isa = PBXGroup;
			children = (
				22A2148E207C82A9009D0729 /* AppDelegate.swift */,
				22A21490207C82A9009D0729 /* ViewController.swift */,
				22A21492207C82A9009D0729 /* Main.storyboard */,
				22A21495207C82A9009D0729 /* Assets.xcassets */,
				22A21497207C82A9009D0729 /* LaunchScreen.storyboard */,
				22A2149A207C82A9009D0729 /* Info.plist */,
			);
			path = Test;
			sourceTree = "<group>";
		};
		22A214A2207C82A9009D0729 /* TestTests */ = {
			isa = PBXGroup;
			children = (
				22A214A3207C82A9009D0729 /* TestTests.swift */,
				22A214A5207C82A9009D0729 /* Info.plist */,
			);
			path = TestTests;
			sourceTree = "<group>";
		};
		22A214AD207C82A9009D0729 /* TestUITests */ = {
			isa = PBXGroup;
			children = (
				22A214AE207C82A9009D0729 /* TestUITests.swift */,
				22A214B0207C82A9009D0729 /* Info.plist */,
			);
			path = TestUITests;
			sourceTree = "<group>";
		};
/* End PBXGroup section */

/* Begin PBXNativeTarget section */
		22A2148A207C82A9009D0729 /* Test */ = {
			isa = PBXNativeTarget;
			buildConfigurationList = 22A214B3207C82A9009D0729 /* Build configuration list for PBXNativeTarget "Test" */;
			buildPhases = (
				22A21487207C82A9009D0729 /* Sources */,
				22A21488207C82A9009D0729 /* Frameworks */,
				22A21489207C82A9009D0729 /* Resources */,
			);
			buildRules = (
			);
			dependencies = (
			);
			name = Test;
			productName = Test;
			productReference = 22A2148B207C82A9009D0729 /* Test.app */;
			productType = "com.apple.product-type.application";
		};
		22A2149E207C82A9009D0729 /* TestTests */ = {
			isa = PBXNativeTarget;
			buildConfigurationList = 22A214B6207C82A9009D0729 /* Build configuration list for PBXNativeTarget "TestTests" */;
			buildPhases = (
				22A2149B207C82A9009D0729 /* Sources */,
				22A2149C207C82A9009D0729 /* Frameworks */,
				22A2149D207C82A9009D0729 /* Resources */,
			);
			buildRules = (
			);
			dependencies = (
				22A214A1207C82A9009D0729 /* PBXTargetDependency */,
			);
			name = TestTests;
			productName = TestTests;
			productReference = 22A2149F207C82A9009D0729 /* TestTests.xctest */;
			productType = "com.apple.product-type.bundle.unit-test";
		};
		22A214A9207C82A9009D0729 /* TestUITests */ = {
			isa = PBXNativeTarget;
			buildConfigurationList = 22A214B9207C82A9009D0729 /* Build configuration list for PBXNativeTarget "TestUITests" */;
			buildPhases = (
				22A214A6207C82A9009D0729 /* Sources */,
				22A214A7207C82A9009D0729 /* Frameworks */,
				22A214A8207C82A9009D0729 /* Resources */,
			);
			buildRules = (
			);
			dependencies = (
				22A214AC207C82A9009D0729 /* PBXTargetDependency */,
			);
			name = TestUITests;
			productName = TestUITests;
			productReference = 22A214AA207C82A9009D0729 /* TestUITests.xctest */;
			productType = "com.apple.product-type.bundle.ui-testing";
		};
/* End PBXNativeTarget section */

/* Begin PBXProject section */
		22A21483207C82A9009D0729 /* Project object */ = {
			isa = PBXProject;
			attributes = {
				LastSwiftUpdateCheck = 0920;
				LastUpgradeCheck = 0920;
				ORGANIZATIONNAME = "MOUSTAFA ELABBASY";
				TargetAttributes = {
					22A2148A207C82A9009D0729 = {
						CreatedOnToolsVersion = 9.2;
						ProvisioningStyle = Automatic;
					};
					22A2149E207C82A9009D0729 = {
						CreatedOnToolsVersion = 9.2;
						ProvisioningStyle = Automatic;
						TestTargetID = 22A2148A207C82A9009D0729;
					};
					22A214A9207C82A9009D0729 = {
						CreatedOnToolsVersion = 9.2;
						ProvisioningStyle = Automatic;
						TestTargetID = 22A2148A207C82A9009D0729;
					};
				};
			};
			buildConfigurationList = 22A21486207C82A9009D0729 /* Build configuration list for PBXProject "Test" */;
			compatibilityVersion = "Xcode 8.0";
			developmentRegion = en;
			hasScannedForEncodings = 0;
			knownRegions = (
				en,
				Base,
			);
			mainGroup = 22A21482207C82A9009D0729;
			productRefGroup = 22A2148C207C82A9009D0729 /* Products */;
			projectDirPath = "";
			projectRoot = "";
			targets = (
				22A2148A207C82A9009D0729 /* Test */,
				22A2149E207C82A9009D0729 /* TestTests */,
				22A214A9207C82A9009D0729 /* TestUITests */,
			);
		};
/* End PBXProject section */

/* Begin PBXResourcesBuildPhase section */
		22A21489207C82A9009D0729 /* Resources */ = {
			isa = PBXResourcesBuildPhase;
			buildActionMask = 2147483647;
			files = (
				22A21499207C82A9009D0729 /* LaunchScreen.storyboard in Resources */,
				22A21496207C82A9009D0729 /* Assets.xcassets in Resources */,
				22A21494207C82A9009D0729 /* Main.storyboard in Resources */,
			);
			runOnlyForDeploymentPostprocessing = 0;
		};
		22A2149D207C82A9009D0729 /* Resources */ = {
			isa = PBXResourcesBuildPhase;
			buildActionMask = 2147483647;
			files = (
			);
			runOnlyForDeploymentPostprocessing = 0;
		};
		22A214A8207C82A9009D0729 /* Resources */ = {
			isa = PBXResourcesBuildPhase;
			buildActionMask = 2147483647;
			files = (
			);
			runOnlyForDeploymentPostprocessing = 0;
		};
/* End PBXResourcesBuildPhase section */

/* Begin PBXSourcesBuildPhase section */
		22A21487207C82A9009D0729 /* Sources */ = {
			isa = PBXSourcesBuildPhase;
			buildActionMask = 2147483647;
			files = (
				22A21491207C82A9009D0729 /* ViewController.swift in Sources */,
				22A2148F207C82A9009D0729 /* AppDelegate.swift in Sources */,
			);
			runOnlyForDeploymentPostprocessing = 0;
		};
		22A2149B207C82A9009D0729 /* Sources */ = {
			isa = PBXSourcesBuildPhase;
			buildActionMask = 2147483647;
			files = (
				22A214A4207C82A9009D0729 /* TestTests.swift in Sources */,
			);
			runOnlyForDeploymentPostprocessing = 0;
		};
		22A214A6207C82A9009D0729 /* Sources */ = {
			isa = PBXSourcesBuildPhase;
			buildActionMask = 2147483647;
			files = (
				22A214AF207C82A9009D0729 /* TestUITests.swift in Sources */,
			);
			runOnlyForDeploymentPostprocessing = 0;
		};
/* End PBXSourcesBuildPhase section */

/* Begin PBXTargetDependency section */
		22A214A1207C82A9009D0729 /* PBXTargetDependency */ = {
			isa = PBXTargetDependency;
			target = 22A2148A207C82A9009D0729 /* Test */;
			targetProxy = 22A214A0207C82A9009D0729 /* PBXContainerItemProxy */;
		};
		22A214AC207C82A9009D0729 /* PBXTargetDependency */ = {
			isa = PBXTargetDependency;
			target = 22A2148A207C82A9009D0729 /* Test */;
			targetProxy = 22A214AB207C82A9009D0729 /* PBXContainerItemProxy */;
		};
/* End PBXTargetDependency section */

/* Begin PBXVariantGroup section */
		22A21492207C82A9009D0729 /* Main.storyboard */ = {
			isa = PBXVariantGroup;
			children = (
				22A21493207C82A9009D0729 /* Base */,
			);
			name = Main.storyboard;
			sourceTree = "<group>";
		};
		22A21497207C82A9009D0729 /* LaunchScreen.storyboard */ = {
			isa = PBXVariantGroup;
			children = (
				22A21498207C82A9009D0729 /* Base */,
			);
			name = LaunchScreen.storyboard;
			sourceTree = "<group>";
		};
/* End PBXVariantGroup section */

/* Begin XCBuildConfiguration section */
		22A214B1207C82A9009D0729 /* Debug */ = {
			isa = XCBuildConfiguration;
			buildSettings = {
				ALWAYS_SEARCH_USER_PATHS = NO;
				CLANG_ANALYZER_NONNULL = YES;
				CLANG_ANALYZER_NUMBER_OBJECT_CONVERSION = YES_AGGRESSIVE;
				CLANG_CXX_LANGUAGE_STANDARD = "gnu++14";
				CLANG_CXX_LIBRARY = "libc++";
				CLANG_ENABLE_MODULES = YES;
				CLANG_ENABLE_OBJC_ARC = YES;
				CLANG_WARN_BLOCK_CAPTURE_AUTORELEASING = YES;
				CLANG_WARN_BOOL_CONVERSION = YES;
				CLANG_WARN_COMMA = YES;
				CLANG_WARN_CONSTANT_CONVERSION = YES;
				CLANG_WARN_DIRECT_OBJC_ISA_USAGE = YES_ERROR;
				CLANG_WARN_DOCUMENTATION_COMMENTS = YES;
				CLANG_WARN_EMPTY_BODY = YES;
				CLANG_WARN_ENUM_CONVERSION = YES;
				CLANG_WARN_INFINITE_RECURSION = YES;
				CLANG_WARN_INT_CONVERSION = YES;
				CLANG_WARN_NON_LITERAL_NULL_CONVERSION = YES;
				CLANG_WARN_OBJC_LITERAL_CONVERSION = YES;
				CLANG_WARN_OBJC_ROOT_CLASS = YES_ERROR;
				CLANG_WARN_RANGE_LOOP_ANALYSIS = YES;
				CLANG_WARN_STRICT_PROTOTYPES = YES;
				CLANG_WARN_SUSPICIOUS_MOVE = YES;
				CLANG_WARN_UNGUARDED_AVAILABILITY = YES_AGGRESSIVE;
				CLANG_WARN_UNREACHABLE_CODE = YES;
				CLANG_WARN__DUPLICATE_METHOD_MATCH = YES;
				CODE_SIGN_IDENTITY = "iPhone Developer";
				COPY_PHASE_STRIP = NO;
				DEBUG_INFORMATION_FORMAT = dwarf;
				ENABLE_STRICT_OBJC_MSGSEND = YES;
				ENABLE_TESTABILITY = YES;
				GCC_C_LANGUAGE_STANDARD = gnu11;
				GCC_DYNAMIC_NO_PIC = NO;
				GCC_NO_COMMON_BLOCKS = YES;
				GCC_OPTIMIZATION_LEVEL = 0;
				GCC_PREPROCESSOR_DEFINITIONS = (
					"DEBUG=1",
					"$(inherited)",
				);
				GCC_WARN_64_TO_32_BIT_CONVERSION = YES;
				GCC_WARN_ABOUT_RETURN_TYPE = YES_ERROR;
				GCC_WARN_UNDECLARED_SELECTOR = YES;
				GCC_WARN_UNINITIALIZED_AUTOS = YES_AGGRESSIVE;
				GCC_WARN_UNUSED_FUNCTION = YES;
				GCC_WARN_UNUSED_VARIABLE = YES;
				IPHONEOS_DEPLOYMENT_TARGET = 11.2;
				MTL_ENABLE_DEBUG_INFO = YES;
				ONLY_ACTIVE_ARCH = YES;
				SDKROOT = iphoneos;
				SWIFT_ACTIVE_COMPILATION_CONDITIONS = DEBUG;
				SWIFT_OPTIMIZATION_LEVEL = "-Onone";
			};
			name = Debug;
		};
		22A214B2207C82A9009D0729 /* Release */ = {
			isa = XCBuildConfiguration;
			buildSettings = {
				ALWAYS_SEARCH_USER_PATHS = NO;
				CLANG_ANALYZER_NONNULL = YES;
				CLANG_ANALYZER_NUMBER_OBJECT_CONVERSION = YES_AGGRESSIVE;
				CLANG_CXX_LANGUAGE_STANDARD = "gnu++14";
				CLANG_CXX_LIBRARY = "libc++";
				CLANG_ENABLE_MODULES = YES;
				CLANG_ENABLE_OBJC_ARC = YES;
				CLANG_WARN_BLOCK_CAPTURE_AUTORELEASING = YES;
				CLANG_WARN_BOOL_CONVERSION = YES;
				CLANG_WARN_COMMA = YES;
				CLANG_WARN_CONSTANT_CONVERSION = YES;
				CLANG_WARN_DIRECT_OBJC_ISA_USAGE = YES_ERROR;
				CLANG_WARN_DOCUMENTATION_COMMENTS = YES;
				CLANG_WARN_EMPTY_BODY = YES;
				CLANG_WARN_ENUM_CONVERSION = YES;
				CLANG_WARN_INFINITE_RECURSION = YES;
				CLANG_WARN_INT_CONVERSION = YES;
				CLANG_WARN_NON_LITERAL_NULL_CONVERSION = YES;
				CLANG_WARN_OBJC_LITERAL_CONVERSION = YES;
				CLANG_WARN_OBJC_ROOT_CLASS = YES_ERROR;
				CLANG_WARN_RANGE_LOOP_ANALYSIS = YES;
				CLANG_WARN_STRICT_PROTOTYPES = YES;
				CLANG_WARN_SUSPICIOUS_MOVE = YES;
				CLANG_WARN_UNGUARDED_AVAILABILITY = YES_AGGRESSIVE;
				CLANG_WARN_UNREACHABLE_CODE = YES;
				CLANG_WARN__DUPLICATE_METHOD_MATCH = YES;
				CODE_SIGN_IDENTITY = "iPhone Developer";
				COPY_PHASE_STRIP = NO;
				DEBUG_INFORMATION_FORMAT = "dwarf-with-dsym";
				ENABLE_NS_ASSERTIONS = NO;
				ENABLE_STRICT_OBJC_MSGSEND = YES;
				GCC_C_LANGUAGE_STANDARD = gnu11;
				GCC_NO_COMMON_BLOCKS = YES;
				GCC_WARN_64_TO_32_BIT_CONVERSION = YES;
				GCC_WARN_ABOUT_RETURN_TYPE = YES_ERROR;
				GCC_WARN_UNDECLARED_SELECTOR = YES;
				GCC_WARN_UNINITIALIZED_AUTOS = YES_AGGRESSIVE;
				GCC_WARN_UNUSED_FUNCTION = YES;
				GCC_WARN_UNUSED_VARIABLE = YES;
				IPHONEOS_DEPLOYMENT_TARGET = 11.2;
				MTL_ENABLE_DEBUG_INFO = NO;
				SDKROOT = iphoneos;
				SWIFT_OPTIMIZATION_LEVEL = "-Owholemodule";
				VALIDATE_PRODUCT = YES;
			};
			name = Release;
		};
		22A214B4207C82A9009D0729 /* Debug */ = {
			isa = XCBuildConfiguration;
			buildSettings = {
				ASSETCATALOG_COMPILER_APPICON_NAME = AppIcon;
				CODE_SIGN_STYLE = Automatic;
				DEVELOPMENT_TEAM = 24SM6522LU;
				INFOPLIST_FILE = Test/Info.plist;
				LD_RUNPATH_SEARCH_PATHS = "$(inherited) @executable_path/Frameworks";
				PRODUCT_BUNDLE_IDENTIFIER = Deakin.Test;
				PRODUCT_NAME = "$(TARGET_NAME)";
				SWIFT_VERSION = 4.0;
				TARGETED_DEVICE_FAMILY = "1,2";
			};
			name = Debug;
		};
		22A214B5207C82A9009D0729 /* Release */ = {
			isa = XCBuildConfiguration;
			buildSettings = {
				ASSETCATALOG_COMPILER_APPICON_NAME = AppIcon;
				CODE_SIGN_STYLE = Automatic;
				DEVELOPMENT_TEAM = 24SM6522LU;
				INFOPLIST_FILE = Test/Info.plist;
				LD_RUNPATH_SEARCH_PATHS = "$(inherited) @executable_path/Frameworks";
				PRODUCT_BUNDLE_IDENTIFIER = Deakin.Test;
				PRODUCT_NAME = "$(TARGET_NAME)";
				SWIFT_VERSION = 4.0;
				TARGETED_DEVICE_FAMILY = "1,2";
			};
			name = Release;
		};
		22A214B7207C82A9009D0729 /* Debug */ = {
			isa = XCBuildConfiguration;
			buildSettings = {
				ALWAYS_EMBED_SWIFT_STANDARD_LIBRARIES = YES;
				BUNDLE_LOADER = "$(TEST_HOST)";
				CODE_SIGN_STYLE = Automatic;
				DEVELOPMENT_TEAM = 24SM6522LU;
				INFOPLIST_FILE = TestTests/Info.plist;
				LD_RUNPATH_SEARCH_PATHS = "$(inherited) @executable_path/Frameworks @loader_path/Frameworks";
				PRODUCT_BUNDLE_IDENTIFIER = Deakin.TestTests;
				PRODUCT_NAME = "$(TARGET_NAME)";
				SWIFT_VERSION = 4.0;
				TARGETED_DEVICE_FAMILY = "1,2";
				TEST_HOST = "$(BUILT_PRODUCTS_DIR)/Test.app/Test";
			};
			name = Debug;
		};
		22A214B8207C82A9009D0729 /* Release */ = {
			isa = XCBuildConfiguration;
			buildSettings = {
				ALWAYS_EMBED_SWIFT_STANDARD_LIBRARIES = YES;
				BUNDLE_LOADER = "$(TEST_HOST)";
				CODE_SIGN_STYLE = Automatic;
				DEVELOPMENT_TEAM = 24SM6522LU;
				INFOPLIST_FILE = TestTests/Info.plist;
				LD_RUNPATH_SEARCH_PATHS = "$(inherited) @executable_path/Frameworks @loader_path/Frameworks";
				PRODUCT_BUNDLE_IDENTIFIER = Deakin.TestTests;
				PRODUCT_NAME = "$(TARGET_NAME)";
				SWIFT_VERSION = 4.0;
				TARGETED_DEVICE_FAMILY = "1,2";
				TEST_HOST = "$(BUILT_PRODUCTS_DIR)/Test.app/Test";
			};
			name = Release;
		};
		22A214BA207C82A9009D0729 /* Debug */ = {
			isa = XCBuildConfiguration;
			buildSettings = {
				ALWAYS_EMBED_SWIFT_STANDARD_LIBRARIES = YES;
				CODE_SIGN_STYLE = Automatic;
				DEVELOPMENT_TEAM = 24SM6522LU;
				INFOPLIST_FILE = TestUITests/Info.plist;
				LD_RUNPATH_SEARCH_PATHS = "$(inherited) @executable_path/Frameworks @loader_path/Frameworks";
				PRODUCT_BUNDLE_IDENTIFIER = Deakin.TestUITests;
				PRODUCT_NAME = "$(TARGET_NAME)";
				SWIFT_VERSION = 4.0;
				TARGETED_DEVICE_FAMILY = "1,2";
				TEST_TARGET_NAME = Test;
			};
			name = Debug;
		};
		22A214BB207C82A9009D0729 /* Release */ = {
			isa = XCBuildConfiguration;
			buildSettings = {
				ALWAYS_EMBED_SWIFT_STANDARD_LIBRARIES = YES;
				CODE_SIGN_STYLE = Automatic;
				DEVELOPMENT_TEAM = 24SM6522LU;
				INFOPLIST_FILE = TestUITests/Info.plist;
				LD_RUNPATH_SEARCH_PATHS = "$(inherited) @executable_path/Frameworks @loader_path/Frameworks";
				PRODUCT_BUNDLE_IDENTIFIER = Deakin.TestUITests;
				PRODUCT_NAME = "$(TARGET_NAME)";
				SWIFT_VERSION = 4.0;
				TARGETED_DEVICE_FAMILY = "1,2";
				TEST_TARGET_NAME = Test;
			};
			name = Release;
		};
/* End XCBuildConfiguration section */

/* Begin XCConfigurationList section */
		22A21486207C82A9009D0729 /* Build configuration list for PBXProject "Test" */ = {
			isa = XCConfigurationList;
			buildConfigurations = (
				22A214B1207C82A9009D0729 /* Debug */,
				22A214B2207C82A9009D0729 /* Release */,
			);
			defaultConfigurationIsVisible = 0;
			defaultConfigurationName = Release;
		};
		22A214B3207C82A9009D0729 /* Build configuration list for PBXNativeTarget "Test" */ = {
			isa = XCConfigurationList;
			buildConfigurations = (
				22A214B4207C82A9009D0729 /* Debug */,
				22A214B5207C82A9009D0729 /* Release */,
			);
			defaultConfigurationIsVisible = 0;
			defaultConfigurationName = Release;
		};
		22A214B6207C82A9009D0729 /* Build configuration list for PBXNativeTarget "TestTests" */ = {
			isa = XCConfigurationList;
			buildConfigurations = (
				22A214B7207C82A9009D0729 /* Debug */,
				22A214B8207C82A9009D0729 /* Release */,
			);
			defaultConfigurationIsVisible = 0;
			defaultConfigurationName = Release;
		};
		22A214B9207C82A9009D0729 /* Build configuration list for PBXNativeTarget "TestUITests" */ = {
			isa = XCConfigurationList;
			buildConfigurations = (
				22A214BA207C82A9009D0729 /* Debug */,
				22A214BB207C82A9009D0729 /* Release */,
			);
			defaultConfigurationIsVisible = 0;
			defaultConfigurationName = Release;
		};
/* End XCConfigurationList section */
	};
	rootObject = 22A21483207C82A9009D0729 /* Project object */;
}
